
Microsoft Visual Studio Solution File, Format Version 12.00
# Visual Studio Version 17
VisualStudioVersion = 17.7.34009.444
MinimumVisualStudioVersion = 10.0.40219.1
Project("{888888A0-9F3D-457C-B088-3A5042F75D52}") = "a6", "a6\a6.pyproj", "{085FBF9C-2863-4A34-A25A-4097B4BAB063}"
EndProject
Global
	GlobalSection(SolutionConfigurationPlatforms) = preSolution
		Debug|Any CPU = Debug|Any CPU
		Release|Any CPU = Release|Any CPU
	EndGlobalSection
	GlobalSection(ProjectConfigurationPlatforms) = postSolution
		{085FBF9C-2863-4A34-A25A-4097B4BAB063}.Debug|Any CPU.ActiveCfg = Debug|Any CPU
		{085FBF9C-2863-4A34-A25A-4097B4BAB063}.Release|Any CPU.ActiveCfg = Release|Any CPU
	EndGlobalSection
	GlobalSection(SolutionProperties) = preSolution
		HideSolutionNode = FALSE
	EndGlobalSection
	GlobalSection(ExtensibilityGlobals) = postSolution
		SolutionGuid = {D7115AB1-8DBF-4C60-BE89-CE1ACC83C661}
	EndGlobalSection
EndGlobal
