
Microsoft Visual Studio Solution File, Format Version 12.00
# Visual Studio Version 17
VisualStudioVersion = 17.7.34009.444
MinimumVisualStudioVersion = 10.0.40219.1
Project("{888888A0-9F3D-457C-B088-3A5042F75D52}") = "a2", "a2\a2.pyproj", "{87F4BE89-64B8-4556-9037-3EDF75501C02}"
EndProject
Global
	GlobalSection(SolutionConfigurationPlatforms) = preSolution
		Debug|Any CPU = Debug|Any CPU
		Release|Any CPU = Release|Any CPU
	EndGlobalSection
	GlobalSection(ProjectConfigurationPlatforms) = postSolution
		{87F4BE89-64B8-4556-9037-3EDF75501C02}.Debug|Any CPU.ActiveCfg = Debug|Any CPU
		{87F4BE89-64B8-4556-9037-3EDF75501C02}.Release|Any CPU.ActiveCfg = Release|Any CPU
	EndGlobalSection
	GlobalSection(SolutionProperties) = preSolution
		HideSolutionNode = FALSE
	EndGlobalSection
	GlobalSection(ExtensibilityGlobals) = postSolution
		SolutionGuid = {BB0390F2-E58A-4C9C-9424-304A3D5598E0}
	EndGlobalSection
EndGlobal
